
Microsoft Visual Studio Solution File, Format Version 12.00
# Visual Studio Version 16
VisualStudioVersion = 16.0.29709.97
MinimumVisualStudioVersion = 10.0.40219.1
Project("{FAE04EC0-301F-11D3-BF4B-00C04F79EFBC}") = "Lab_7_BlakeOdy", "Lab_7_BlakeOdy\Lab_7_BlakeOdy.csproj", "{728EFD53-5EDF-41DD-A4DE-9A4055738F33}"
EndProject
Global
	GlobalSection(SolutionConfigurationPlatforms) = preSolution
		Debug|Any CPU = Debug|Any CPU
		Release|Any CPU = Release|Any CPU
	EndGlobalSection
	GlobalSection(ProjectConfigurationPlatforms) = postSolution
		{728EFD53-5EDF-41DD-A4DE-9A4055738F33}.Debug|Any CPU.ActiveCfg = Debug|Any CPU
		{728EFD53-5EDF-41DD-A4DE-9A4055738F33}.Debug|Any CPU.Build.0 = Debug|Any CPU
		{728EFD53-5EDF-41DD-A4DE-9A4055738F33}.Release|Any CPU.ActiveCfg = Release|Any CPU
		{728EFD53-5EDF-41DD-A4DE-9A4055738F33}.Release|Any CPU.Build.0 = Release|Any CPU
	EndGlobalSection
	GlobalSection(SolutionProperties) = preSolution
		HideSolutionNode = FALSE
	EndGlobalSection
	GlobalSection(ExtensibilityGlobals) = postSolution
		SolutionGuid = {9B8D6A10-7EFA-4110-BA7E-691BEE896AF9}
	EndGlobalSection
EndGlobal
